<?xml version="1.0" encoding="UTF-8"?>
<CodeBlocks_project_file>
	<FileVersion major="1" minor="6"/>
	<Project>
		<Option title="Color"/>
		<Option makefile_is_custom="1"/>
		<Option compiler="gcc"/>
		<Option virtualFolders="CMake Files\;"/>
		<Build>
			<Target title="all">
				<Option working_dir="/home/leyan/openGL/MyPartice/Color/build-Color-Desktop-Default"/>
				<Option type="4"/>
				<MakeCommands>
					<Build command="/usr/bin/make -j12 -f &quot;/home/leyan/openGL/MyPartice/Color/build-Color-Desktop-Default/Makefile&quot;  VERBOSE=1 all"/>
					<CompileFile command="/usr/bin/make -j12 -f &quot;/home/leyan/openGL/MyPartice/Color/build-Color-Desktop-Default/Makefile&quot;  VERBOSE=1 &quot;$file&quot;"/>
					<Clean command="/usr/bin/make -j12 -f &quot;/home/leyan/openGL/MyPartice/Color/build-Color-Desktop-Default/Makefile&quot;  VERBOSE=1 clean"/>
					<DistClean command="/usr/bin/make -j12 -f &quot;/home/leyan/openGL/MyPartice/Color/build-Color-Desktop-Default/Makefile&quot;  VERBOSE=1 clean"/>
				</MakeCommands>
			</Target>
			<Target title="rebuild_cache">
				<Option working_dir="/home/leyan/openGL/MyPartice/Color/build-Color-Desktop-Default"/>
				<Option type="4"/>
				<MakeCommands>
					<Build command="/usr/bin/make -j12 -f &quot;/home/leyan/openGL/MyPartice/Color/build-Color-Desktop-Default/Makefile&quot;  VERBOSE=1 rebuild_cache"/>
					<CompileFile command="/usr/bin/make -j12 -f &quot;/home/leyan/openGL/MyPartice/Color/build-Color-Desktop-Default/Makefile&quot;  VERBOSE=1 &quot;$file&quot;"/>
					<Clean command="/usr/bin/make -j12 -f &quot;/home/leyan/openGL/MyPartice/Color/build-Color-Desktop-Default/Makefile&quot;  VERBOSE=1 clean"/>
					<DistClean command="/usr/bin/make -j12 -f &quot;/home/leyan/openGL/MyPartice/Color/build-Color-Desktop-Default/Makefile&quot;  VERBOSE=1 clean"/>
				</MakeCommands>
			</Target>
			<Target title="edit_cache">
				<Option working_dir="/home/leyan/openGL/MyPartice/Color/build-Color-Desktop-Default"/>
				<Option type="4"/>
				<MakeCommands>
					<Build command="/usr/bin/make -j12 -f &quot;/home/leyan/openGL/MyPartice/Color/build-Color-Desktop-Default/Makefile&quot;  VERBOSE=1 edit_cache"/>
					<CompileFile command="/usr/bin/make -j12 -f &quot;/home/leyan/openGL/MyPartice/Color/build-Color-Desktop-Default/Makefile&quot;  VERBOSE=1 &quot;$file&quot;"/>
					<Clean command="/usr/bin/make -j12 -f &quot;/home/leyan/openGL/MyPartice/Color/build-Color-Desktop-Default/Makefile&quot;  VERBOSE=1 clean"/>
					<DistClean command="/usr/bin/make -j12 -f &quot;/home/leyan/openGL/MyPartice/Color/build-Color-Desktop-Default/Makefile&quot;  VERBOSE=1 clean"/>
				</MakeCommands>
			</Target>
			<Target title="Color">
				<Option output="/home/leyan/openGL/MyPartice/Color/build-Color-Desktop-Default/Color" prefix_auto="0" extension_auto="0"/>
				<Option working_dir="/home/leyan/openGL/MyPartice/Color/build-Color-Desktop-Default"/>
				<Option object_output="./"/>
				<Option type="1"/>
				<Option compiler="gcc"/>
				<Compiler>
					<Add directory="/home/leyan/openGL/MyPartice/Color/Mylib"/>
					<Add directory="/home/leyan/openGL/MyPartice/Color/shaderSource"/>
					<Add directory="/home/leyan/openGL/MyPartice/Color/Source"/>
					<Add directory="/usr/include/c++/5"/>
					<Add directory="/usr/include/x86_64-linux-gnu/c++/5"/>
					<Add directory="/usr/include/c++/5/backward"/>
					<Add directory="/usr/lib/gcc/x86_64-linux-gnu/5/include"/>
					<Add directory="/usr/local/include"/>
					<Add directory="/usr/lib/gcc/x86_64-linux-gnu/5/include-fixed"/>
					<Add directory="/usr/include/x86_64-linux-gnu"/>
					<Add directory="/usr/include"/>
				</Compiler>
				<MakeCommands>
					<Build command="/usr/bin/make -j12 -f &quot;/home/leyan/openGL/MyPartice/Color/build-Color-Desktop-Default/Makefile&quot;  VERBOSE=1 Color"/>
					<CompileFile command="/usr/bin/make -j12 -f &quot;/home/leyan/openGL/MyPartice/Color/build-Color-Desktop-Default/Makefile&quot;  VERBOSE=1 &quot;$file&quot;"/>
					<Clean command="/usr/bin/make -j12 -f &quot;/home/leyan/openGL/MyPartice/Color/build-Color-Desktop-Default/Makefile&quot;  VERBOSE=1 clean"/>
					<DistClean command="/usr/bin/make -j12 -f &quot;/home/leyan/openGL/MyPartice/Color/build-Color-Desktop-Default/Makefile&quot;  VERBOSE=1 clean"/>
				</MakeCommands>
			</Target>
			<Target title="Color/fast">
				<Option output="/home/leyan/openGL/MyPartice/Color/build-Color-Desktop-Default/Color" prefix_auto="0" extension_auto="0"/>
				<Option working_dir="/home/leyan/openGL/MyPartice/Color/build-Color-Desktop-Default"/>
				<Option object_output="./"/>
				<Option type="1"/>
				<Option compiler="gcc"/>
				<Compiler>
					<Add directory="/home/leyan/openGL/MyPartice/Color/Mylib"/>
					<Add directory="/home/leyan/openGL/MyPartice/Color/shaderSource"/>
					<Add directory="/home/leyan/openGL/MyPartice/Color/Source"/>
					<Add directory="/usr/include/c++/5"/>
					<Add directory="/usr/include/x86_64-linux-gnu/c++/5"/>
					<Add directory="/usr/include/c++/5/backward"/>
					<Add directory="/usr/lib/gcc/x86_64-linux-gnu/5/include"/>
					<Add directory="/usr/local/include"/>
					<Add directory="/usr/lib/gcc/x86_64-linux-gnu/5/include-fixed"/>
					<Add directory="/usr/include/x86_64-linux-gnu"/>
					<Add directory="/usr/include"/>
				</Compiler>
				<MakeCommands>
					<Build command="/usr/bin/make -j12 -f &quot;/home/leyan/openGL/MyPartice/Color/build-Color-Desktop-Default/Makefile&quot;  VERBOSE=1 Color/fast"/>
					<CompileFile command="/usr/bin/make -j12 -f &quot;/home/leyan/openGL/MyPartice/Color/build-Color-Desktop-Default/Makefile&quot;  VERBOSE=1 &quot;$file&quot;"/>
					<Clean command="/usr/bin/make -j12 -f &quot;/home/leyan/openGL/MyPartice/Color/build-Color-Desktop-Default/Makefile&quot;  VERBOSE=1 clean"/>
					<DistClean command="/usr/bin/make -j12 -f &quot;/home/leyan/openGL/MyPartice/Color/build-Color-Desktop-Default/Makefile&quot;  VERBOSE=1 clean"/>
				</MakeCommands>
			</Target>
		</Build>
		<Unit filename="/home/leyan/openGL/MyPartice/Color/Mylib/camera.cpp">
			<Option target="Color"/>
		</Unit>
		<Unit filename="/home/leyan/openGL/MyPartice/Color/Mylib/camera.h">
			<Option target="Color"/>
		</Unit>
		<Unit filename="/home/leyan/openGL/MyPartice/Color/Mylib/gl_setup.cpp">
			<Option target="Color"/>
		</Unit>
		<Unit filename="/home/leyan/openGL/MyPartice/Color/Mylib/gl_setup.h">
			<Option target="Color"/>
		</Unit>
		<Unit filename="/home/leyan/openGL/MyPartice/Color/Mylib/shader.cpp">
			<Option target="Color"/>
		</Unit>
		<Unit filename="/home/leyan/openGL/MyPartice/Color/Mylib/shader.h">
			<Option target="Color"/>
		</Unit>
		<Unit filename="/home/leyan/openGL/MyPartice/Color/Mylib/stb_image.h">
			<Option target="Color"/>
		</Unit>
		<Unit filename="/home/leyan/openGL/MyPartice/Color/Mylib/texture.cpp">
			<Option target="Color"/>
		</Unit>
		<Unit filename="/home/leyan/openGL/MyPartice/Color/Mylib/texture.h">
			<Option target="Color"/>
		</Unit>
		<Unit filename="/home/leyan/openGL/MyPartice/Color/img/awesomeface.png">
			<Option target="Color"/>
		</Unit>
		<Unit filename="/home/leyan/openGL/MyPartice/Color/img/container.jpg">
			<Option target="Color"/>
		</Unit>
		<Unit filename="/home/leyan/openGL/MyPartice/Color/img/cover.jpg">
			<Option target="Color"/>
		</Unit>
		<Unit filename="/home/leyan/openGL/MyPartice/Color/img/face.png">
			<Option target="Color"/>
		</Unit>
		<Unit filename="/home/leyan/openGL/MyPartice/Color/main.cpp">
			<Option target="Color"/>
		</Unit>
		<Unit filename="/home/leyan/openGL/MyPartice/Color/shaderSource/fragmentShaderSource.glsl">
			<Option target="Color"/>
		</Unit>
		<Unit filename="/home/leyan/openGL/MyPartice/Color/shaderSource/vertexShaderSource.glsl">
			<Option target="Color"/>
		</Unit>
		<Unit filename="/home/leyan/openGL/MyPartice/Color/CMakeLists.txt">
			<Option virtualFolder="CMake Files\"/>
		</Unit>
	</Project>
</CodeBlocks_project_file>
