<?xml version="1.0" encoding="UTF-8" standalone="yes" ?>
<CodeBlocks_project_file>
   <FileVersion major="1" minor="6" />
   <Project>
      <Option title="Coordinate-static" />
      <Option makefile_is_custom="1" />
      <Option compiler="gcc" />
      <Option virtualFolders="CMake Files\;" />
      <Build>
      <Target title="all">
         <Option working_dir="/home/leyan/User/Coordinate/build-Coordinate-Desktop-Default" />
         <Option type="4" />
         <MakeCommands>
            <Build command="/usr/bin/make -f &quot;/home/leyan/User/Coordinate/build-Coordinate-Desktop-Default/Makefile&quot;  VERBOSE=1 all" />
            <CompileFile command="/usr/bin/make -f &quot;/home/leyan/User/Coordinate/build-Coordinate-Desktop-Default/Makefile&quot;  VERBOSE=1 &quot;$file&quot;" />
            <Clean command="/usr/bin/make -f &quot;/home/leyan/User/Coordinate/build-Coordinate-Desktop-Default/Makefile&quot;  VERBOSE=1 clean" />
            <DistClean command="/usr/bin/make -f &quot;/home/leyan/User/Coordinate/build-Coordinate-Desktop-Default/Makefile&quot;  VERBOSE=1 clean" />
         </MakeCommands>
      </Target>
      <Target title="rebuild_cache">
         <Option working_dir="/home/leyan/User/Coordinate/build-Coordinate-Desktop-Default" />
         <Option type="4" />
         <MakeCommands>
            <Build command="/usr/bin/make -f &quot;/home/leyan/User/Coordinate/build-Coordinate-Desktop-Default/Makefile&quot;  VERBOSE=1 rebuild_cache" />
            <CompileFile command="/usr/bin/make -f &quot;/home/leyan/User/Coordinate/build-Coordinate-Desktop-Default/Makefile&quot;  VERBOSE=1 &quot;$file&quot;" />
            <Clean command="/usr/bin/make -f &quot;/home/leyan/User/Coordinate/build-Coordinate-Desktop-Default/Makefile&quot;  VERBOSE=1 clean" />
            <DistClean command="/usr/bin/make -f &quot;/home/leyan/User/Coordinate/build-Coordinate-Desktop-Default/Makefile&quot;  VERBOSE=1 clean" />
         </MakeCommands>
      </Target>
      <Target title="edit_cache">
         <Option working_dir="/home/leyan/User/Coordinate/build-Coordinate-Desktop-Default" />
         <Option type="4" />
         <MakeCommands>
            <Build command="/usr/bin/make -f &quot;/home/leyan/User/Coordinate/build-Coordinate-Desktop-Default/Makefile&quot;  VERBOSE=1 edit_cache" />
            <CompileFile command="/usr/bin/make -f &quot;/home/leyan/User/Coordinate/build-Coordinate-Desktop-Default/Makefile&quot;  VERBOSE=1 &quot;$file&quot;" />
            <Clean command="/usr/bin/make -f &quot;/home/leyan/User/Coordinate/build-Coordinate-Desktop-Default/Makefile&quot;  VERBOSE=1 clean" />
            <DistClean command="/usr/bin/make -f &quot;/home/leyan/User/Coordinate/build-Coordinate-Desktop-Default/Makefile&quot;  VERBOSE=1 clean" />
         </MakeCommands>
      </Target>
      <Target title="Coordinate-static">
         <Option output="/home/leyan/User/Coordinate/build-Coordinate-Desktop-Default/Coordinate-static" prefix_auto="0" extension_auto="0" />
         <Option working_dir="/home/leyan/User/Coordinate/build-Coordinate-Desktop-Default" />
         <Option object_output="./" />
         <Option type="1" />
         <Option compiler="gcc" />
         <Compiler>
            <Add directory="/home/leyan/User/Coordinate/Mylib" />
            <Add directory="/home/leyan/User/Coordinate/Source" />
            <Add directory="/home/leyan/User/Coordinate/shaderSource" />
            <Add directory="/usr/include" />
            <Add directory="/usr/include/c++/5" />
            <Add directory="/usr/include/c++/5/backward" />
            <Add directory="/usr/include/x86_64-linux-gnu" />
            <Add directory="/usr/include/x86_64-linux-gnu/c++/5" />
            <Add directory="/usr/lib/gcc/x86_64-linux-gnu/5/include" />
            <Add directory="/usr/lib/gcc/x86_64-linux-gnu/5/include-fixed" />
            <Add directory="/usr/local/include" />
         </Compiler>
         <MakeCommands>
            <Build command="/usr/bin/make -f &quot;/home/leyan/User/Coordinate/build-Coordinate-Desktop-Default/Makefile&quot;  VERBOSE=1 Coordinate-static" />
            <CompileFile command="/usr/bin/make -f &quot;/home/leyan/User/Coordinate/build-Coordinate-Desktop-Default/Makefile&quot;  VERBOSE=1 &quot;$file&quot;" />
            <Clean command="/usr/bin/make -f &quot;/home/leyan/User/Coordinate/build-Coordinate-Desktop-Default/Makefile&quot;  VERBOSE=1 clean" />
            <DistClean command="/usr/bin/make -f &quot;/home/leyan/User/Coordinate/build-Coordinate-Desktop-Default/Makefile&quot;  VERBOSE=1 clean" />
         </MakeCommands>
      </Target>
      <Target title="Coordinate-static/fast">
         <Option output="/home/leyan/User/Coordinate/build-Coordinate-Desktop-Default/Coordinate-static" prefix_auto="0" extension_auto="0" />
         <Option working_dir="/home/leyan/User/Coordinate/build-Coordinate-Desktop-Default" />
         <Option object_output="./" />
         <Option type="1" />
         <Option compiler="gcc" />
         <Compiler>
            <Add directory="/home/leyan/User/Coordinate/Mylib" />
            <Add directory="/home/leyan/User/Coordinate/Source" />
            <Add directory="/home/leyan/User/Coordinate/shaderSource" />
            <Add directory="/usr/include" />
            <Add directory="/usr/include/c++/5" />
            <Add directory="/usr/include/c++/5/backward" />
            <Add directory="/usr/include/x86_64-linux-gnu" />
            <Add directory="/usr/include/x86_64-linux-gnu/c++/5" />
            <Add directory="/usr/lib/gcc/x86_64-linux-gnu/5/include" />
            <Add directory="/usr/lib/gcc/x86_64-linux-gnu/5/include-fixed" />
            <Add directory="/usr/local/include" />
         </Compiler>
         <MakeCommands>
            <Build command="/usr/bin/make -f &quot;/home/leyan/User/Coordinate/build-Coordinate-Desktop-Default/Makefile&quot;  VERBOSE=1 Coordinate-static/fast" />
            <CompileFile command="/usr/bin/make -f &quot;/home/leyan/User/Coordinate/build-Coordinate-Desktop-Default/Makefile&quot;  VERBOSE=1 &quot;$file&quot;" />
            <Clean command="/usr/bin/make -f &quot;/home/leyan/User/Coordinate/build-Coordinate-Desktop-Default/Makefile&quot;  VERBOSE=1 clean" />
            <DistClean command="/usr/bin/make -f &quot;/home/leyan/User/Coordinate/build-Coordinate-Desktop-Default/Makefile&quot;  VERBOSE=1 clean" />
         </MakeCommands>
      </Target>
      </Build>
      <Unit filename="/home/leyan/User/Coordinate/Mylib/gl_setup.cpp">
         <Option target="Coordinate-static"/>
      </Unit>
      <Unit filename="/home/leyan/User/Coordinate/Mylib/gl_setup.h">
         <Option target="Coordinate-static"/>
      </Unit>
      <Unit filename="/home/leyan/User/Coordinate/Mylib/shader.cpp">
         <Option target="Coordinate-static"/>
      </Unit>
      <Unit filename="/home/leyan/User/Coordinate/Mylib/shader.h">
         <Option target="Coordinate-static"/>
      </Unit>
      <Unit filename="/home/leyan/User/Coordinate/Mylib/stb_image.h">
         <Option target="Coordinate-static"/>
      </Unit>
      <Unit filename="/home/leyan/User/Coordinate/Mylib/texture.cpp">
         <Option target="Coordinate-static"/>
      </Unit>
      <Unit filename="/home/leyan/User/Coordinate/Mylib/texture.h">
         <Option target="Coordinate-static"/>
      </Unit>
      <Unit filename="/home/leyan/User/Coordinate/img/awesomeface.png">
         <Option target="Coordinate-static"/>
      </Unit>
      <Unit filename="/home/leyan/User/Coordinate/img/container.jpg">
         <Option target="Coordinate-static"/>
      </Unit>
      <Unit filename="/home/leyan/User/Coordinate/img/cover.jpg">
         <Option target="Coordinate-static"/>
      </Unit>
      <Unit filename="/home/leyan/User/Coordinate/img/face.png">
         <Option target="Coordinate-static"/>
      </Unit>
      <Unit filename="/home/leyan/User/Coordinate/main.cpp">
         <Option target="Coordinate-static"/>
      </Unit>
      <Unit filename="/home/leyan/User/Coordinate/shaderSource/fragmentShaderSource.glsl">
         <Option target="Coordinate-static"/>
      </Unit>
      <Unit filename="/home/leyan/User/Coordinate/shaderSource/vertexShaderSource.glsl">
         <Option target="Coordinate-static"/>
      </Unit>
      <Unit filename="/home/leyan/User/Coordinate/CMakeLists.txt">
          <Option virtualFolder="CMake Files\" />
      </Unit>
   </Project>
</CodeBlocks_project_file>
